
Microsoft Visual Studio Solution File, Format Version 12.00
# Visual Studio Version 17
VisualStudioVersion = 17.14.36518.9
MinimumVisualStudioVersion = 10.0.40219.1
Project("{FAE04EC0-301F-11D3-BF4B-00C04F79EFBC}") = "Azunt.TenantSettingManagement", "Azunt.TenantSettingManagement\Azunt.TenantSettingManagement.csproj", "{D699B989-084F-4CF9-A7BD-E99EF8AFB814}"
EndProject
Project("{FAE04EC0-301F-11D3-BF4B-00C04F79EFBC}") = "Azunt.Web", "Azunt.Web\Azunt.Web.csproj", "{4FEDEDE0-73BE-4CDC-802D-9530413EF560}"
EndProject
Global
	GlobalSection(SolutionConfigurationPlatforms) = preSolution
		Debug|Any CPU = Debug|Any CPU
		Release|Any CPU = Release|Any CPU
	EndGlobalSection
	GlobalSection(ProjectConfigurationPlatforms) = postSolution
		{D699B989-084F-4CF9-A7BD-E99EF8AFB814}.Debug|Any CPU.ActiveCfg = Debug|Any CPU
		{D699B989-084F-4CF9-A7BD-E99EF8AFB814}.Debug|Any CPU.Build.0 = Debug|Any CPU
		{D699B989-084F-4CF9-A7BD-E99EF8AFB814}.Release|Any CPU.ActiveCfg = Release|Any CPU
		{D699B989-084F-4CF9-A7BD-E99EF8AFB814}.Release|Any CPU.Build.0 = Release|Any CPU
		{4FEDEDE0-73BE-4CDC-802D-9530413EF560}.Debug|Any CPU.ActiveCfg = Debug|Any CPU
		{4FEDEDE0-73BE-4CDC-802D-9530413EF560}.Debug|Any CPU.Build.0 = Debug|Any CPU
		{4FEDEDE0-73BE-4CDC-802D-9530413EF560}.Release|Any CPU.ActiveCfg = Release|Any CPU
		{4FEDEDE0-73BE-4CDC-802D-9530413EF560}.Release|Any CPU.Build.0 = Release|Any CPU
	EndGlobalSection
	GlobalSection(SolutionProperties) = preSolution
		HideSolutionNode = FALSE
	EndGlobalSection
	GlobalSection(ExtensibilityGlobals) = postSolution
		SolutionGuid = {4C01BCC9-EA29-416D-9E49-C47B244C1ABE}
	EndGlobalSection
EndGlobal
